
Microsoft Visual Studio Solution File, Format Version 12.00
# Visual Studio Version 17
VisualStudioVersion = 17.1.32210.238
MinimumVisualStudioVersion = 10.0.40219.1
Project("{FAE04EC0-301F-11D3-BF4B-00C04F79EFBC}") = "arrayconcepts", "arrayconcepts.csproj", "{15D2831C-C3EF-4CF3-9E6E-F3B4FF55F90A}"
EndProject
Global
	GlobalSection(SolutionConfigurationPlatforms) = preSolution
		Debug|Any CPU = Debug|Any CPU
		Release|Any CPU = Release|Any CPU
	EndGlobalSection
	GlobalSection(ProjectConfigurationPlatforms) = postSolution
		{15D2831C-C3EF-4CF3-9E6E-F3B4FF55F90A}.Debug|Any CPU.ActiveCfg = Debug|Any CPU
		{15D2831C-C3EF-4CF3-9E6E-F3B4FF55F90A}.Debug|Any CPU.Build.0 = Debug|Any CPU
		{15D2831C-C3EF-4CF3-9E6E-F3B4FF55F90A}.Release|Any CPU.ActiveCfg = Release|Any CPU
		{15D2831C-C3EF-4CF3-9E6E-F3B4FF55F90A}.Release|Any CPU.Build.0 = Release|Any CPU
	EndGlobalSection
	GlobalSection(SolutionProperties) = preSolution
		HideSolutionNode = FALSE
	EndGlobalSection
	GlobalSection(ExtensibilityGlobals) = postSolution
		SolutionGuid = {B085F5D6-0BBB-45AF-BF99-7FEBE13B76DF}
	EndGlobalSection
EndGlobal
